// !$*UTF8*$!
{
	archiveVersion = 1;
	classes = {
	};
	objectVersion = 56;
	objects = {

/* Begin PBXBuildFile section */
		25A7303FA106B9D81193BCD8 /* Pods_Netflix_App_Netflix_AppUITests.framework in Frameworks */ = {isa = PBXBuildFile; fileRef = DD58969C408D730580559EBC /* Pods_Netflix_App_Netflix_AppUITests.framework */; };
		4C017E1472EAB2C1D27E4CD1 /* Pods_Netflix_AppTests.framework in Frameworks */ = {isa = PBXBuildFile; fileRef = 7D9E36B77ABAF32793610ECB /* Pods_Netflix_AppTests.framework */; };
		9A1A9E708EA59125B722E19F /* Pods_Netflix_App.framework in Frameworks */ = {isa = PBXBuildFile; fileRef = 195D4919C23F8A76C4B20236 /* Pods_Netflix_App.framework */; };
		AC4FE4C62AD71B7800010085 /* MainModels.swift in Sources */ = {isa = PBXBuildFile; fileRef = AC4FE4C52AD71B7800010085 /* MainModels.swift */; };
		AC4FE4C82AD73BC500010085 /* NetflixCell.swift in Sources */ = {isa = PBXBuildFile; fileRef = AC4FE4C72AD73BC500010085 /* NetflixCell.swift */; };
		ACBB56992AD964C50040660E /* UIColor+Ext.swift in Sources */ = {isa = PBXBuildFile; fileRef = ACBB56982AD964C50040660E /* UIColor+Ext.swift */; };
		ACC8FB322ACC5F00008E34F0 /* AppDelegate.swift in Sources */ = {isa = PBXBuildFile; fileRef = ACC8FB312ACC5F00008E34F0 /* AppDelegate.swift */; };
		ACC8FB342ACC5F00008E34F0 /* SceneDelegate.swift in Sources */ = {isa = PBXBuildFile; fileRef = ACC8FB332ACC5F00008E34F0 /* SceneDelegate.swift */; };
		ACC8FB392ACC5F00008E34F0 /* Main.storyboard in Resources */ = {isa = PBXBuildFile; fileRef = ACC8FB372ACC5F00008E34F0 /* Main.storyboard */; };
		ACC8FB3B2ACC5F00008E34F0 /* Assets.xcassets in Resources */ = {isa = PBXBuildFile; fileRef = ACC8FB3A2ACC5F00008E34F0 /* Assets.xcassets */; };
		ACC8FB3E2ACC5F00008E34F0 /* LaunchScreen.storyboard in Resources */ = {isa = PBXBuildFile; fileRef = ACC8FB3C2ACC5F00008E34F0 /* LaunchScreen.storyboard */; };
		ACC8FB492ACC5F01008E34F0 /* Netflix_AppTests.swift in Sources */ = {isa = PBXBuildFile; fileRef = ACC8FB482ACC5F01008E34F0 /* Netflix_AppTests.swift */; };
		ACC8FB532ACC5F01008E34F0 /* Netflix_AppUITests.swift in Sources */ = {isa = PBXBuildFile; fileRef = ACC8FB522ACC5F01008E34F0 /* Netflix_AppUITests.swift */; };
		ACC8FB552ACC5F01008E34F0 /* Netflix_AppUITestsLaunchTests.swift in Sources */ = {isa = PBXBuildFile; fileRef = ACC8FB542ACC5F01008E34F0 /* Netflix_AppUITestsLaunchTests.swift */; };
		ACC8FB632ACC6B7D008E34F0 /* MainPresenter.swift in Sources */ = {isa = PBXBuildFile; fileRef = ACC8FB622ACC6B7D008E34F0 /* MainPresenter.swift */; };
		ACC8FB652ACC6C16008E34F0 /* MainViewController.swift in Sources */ = {isa = PBXBuildFile; fileRef = ACC8FB642ACC6C16008E34F0 /* MainViewController.swift */; };
		ACC8FB682ACDA4C7008E34F0 /* MainAssembly.swift in Sources */ = {isa = PBXBuildFile; fileRef = ACC8FB672ACDA4C7008E34F0 /* MainAssembly.swift */; };
		ACC8FB6C2ACDA606008E34F0 /* SettingsAssembly.swift in Sources */ = {isa = PBXBuildFile; fileRef = ACC8FB6B2ACDA606008E34F0 /* SettingsAssembly.swift */; };
		ACC8FB6E2ACDA66B008E34F0 /* SettingsViewController.swift in Sources */ = {isa = PBXBuildFile; fileRef = ACC8FB6D2ACDA66B008E34F0 /* SettingsViewController.swift */; };
		ACC8FB702ACDA693008E34F0 /* SettingsPresenter.swift in Sources */ = {isa = PBXBuildFile; fileRef = ACC8FB6F2ACDA693008E34F0 /* SettingsPresenter.swift */; };
		ACC8FB722ACEECE9008E34F0 /* LikesAssembly.swift in Sources */ = {isa = PBXBuildFile; fileRef = ACC8FB712ACEECE9008E34F0 /* LikesAssembly.swift */; };
		ACC8FB742ACEED09008E34F0 /* LikesViewController.swift in Sources */ = {isa = PBXBuildFile; fileRef = ACC8FB732ACEED09008E34F0 /* LikesViewController.swift */; };
		ACC8FB762ACEED23008E34F0 /* LikesPresenter.swift in Sources */ = {isa = PBXBuildFile; fileRef = ACC8FB752ACEED23008E34F0 /* LikesPresenter.swift */; };
		ACCE91972ADF284900ED44B5 /* UIViewController+Ext.swift in Sources */ = {isa = PBXBuildFile; fileRef = ACCE91962ADF284900ED44B5 /* UIViewController+Ext.swift */; };
		ACCE919D2AE1BE2D00ED44B5 /* Avenir Next.ttc in Resources */ = {isa = PBXBuildFile; fileRef = ACCE919C2AE1BE2D00ED44B5 /* Avenir Next.ttc */; };
		ACCE919F2AE1C15C00ED44B5 /* Font.swift in Sources */ = {isa = PBXBuildFile; fileRef = ACCE919E2AE1C15C00ED44B5 /* Font.swift */; };
/* End PBXBuildFile section */

/* Begin PBXContainerItemProxy section */
		ACC8FB452ACC5F01008E34F0 /* PBXContainerItemProxy */ = {
			isa = PBXContainerItemProxy;
			containerPortal = ACC8FB262ACC5F00008E34F0 /* Project object */;
			proxyType = 1;
			remoteGlobalIDString = ACC8FB2D2ACC5F00008E34F0;
			remoteInfo = "Netflix App";
		};
		ACC8FB4F2ACC5F01008E34F0 /* PBXContainerItemProxy */ = {
			isa = PBXContainerItemProxy;
			containerPortal = ACC8FB262ACC5F00008E34F0 /* Project object */;
			proxyType = 1;
			remoteGlobalIDString = ACC8FB2D2ACC5F00008E34F0;
			remoteInfo = "Netflix App";
		};
/* End PBXContainerItemProxy section */

/* Begin PBXFileReference section */
		195D4919C23F8A76C4B20236 /* Pods_Netflix_App.framework */ = {isa = PBXFileReference; explicitFileType = wrapper.framework; includeInIndex = 0; path = Pods_Netflix_App.framework; sourceTree = BUILT_PRODUCTS_DIR; };
		3C2EC67CBC1AA2541DC15876 /* Pods-Netflix AppTests.debug.xcconfig */ = {isa = PBXFileReference; includeInIndex = 1; lastKnownFileType = text.xcconfig; name = "Pods-Netflix AppTests.debug.xcconfig"; path = "Target Support Files/Pods-Netflix AppTests/Pods-Netflix AppTests.debug.xcconfig"; sourceTree = "<group>"; };
		42D57DB5AD0A4E1EFA362B99 /* Pods-Netflix App-Netflix AppUITests.debug.xcconfig */ = {isa = PBXFileReference; includeInIndex = 1; lastKnownFileType = text.xcconfig; name = "Pods-Netflix App-Netflix AppUITests.debug.xcconfig"; path = "Target Support Files/Pods-Netflix App-Netflix AppUITests/Pods-Netflix App-Netflix AppUITests.debug.xcconfig"; sourceTree = "<group>"; };
		5BBA311CDCD8BE14AF8A1DF3 /* Pods-Netflix App-Netflix AppUITests.release.xcconfig */ = {isa = PBXFileReference; includeInIndex = 1; lastKnownFileType = text.xcconfig; name = "Pods-Netflix App-Netflix AppUITests.release.xcconfig"; path = "Target Support Files/Pods-Netflix App-Netflix AppUITests/Pods-Netflix App-Netflix AppUITests.release.xcconfig"; sourceTree = "<group>"; };
		695EAF4827B9FFDB9964A0FC /* Pods-Netflix App.release.xcconfig */ = {isa = PBXFileReference; includeInIndex = 1; lastKnownFileType = text.xcconfig; name = "Pods-Netflix App.release.xcconfig"; path = "Target Support Files/Pods-Netflix App/Pods-Netflix App.release.xcconfig"; sourceTree = "<group>"; };
		7856802391C332E4FAA659AA /* Pods-Netflix App.debug.xcconfig */ = {isa = PBXFileReference; includeInIndex = 1; lastKnownFileType = text.xcconfig; name = "Pods-Netflix App.debug.xcconfig"; path = "Target Support Files/Pods-Netflix App/Pods-Netflix App.debug.xcconfig"; sourceTree = "<group>"; };
		7D9E36B77ABAF32793610ECB /* Pods_Netflix_AppTests.framework */ = {isa = PBXFileReference; explicitFileType = wrapper.framework; includeInIndex = 0; path = Pods_Netflix_AppTests.framework; sourceTree = BUILT_PRODUCTS_DIR; };
		ABF4BABEFDBDDD3467AB2B12 /* Pods-Netflix AppTests.release.xcconfig */ = {isa = PBXFileReference; includeInIndex = 1; lastKnownFileType = text.xcconfig; name = "Pods-Netflix AppTests.release.xcconfig"; path = "Target Support Files/Pods-Netflix AppTests/Pods-Netflix AppTests.release.xcconfig"; sourceTree = "<group>"; };
		AC4FE4C52AD71B7800010085 /* MainModels.swift */ = {isa = PBXFileReference; lastKnownFileType = sourcecode.swift; path = MainModels.swift; sourceTree = "<group>"; };
		AC4FE4C72AD73BC500010085 /* NetflixCell.swift */ = {isa = PBXFileReference; lastKnownFileType = sourcecode.swift; path = NetflixCell.swift; sourceTree = "<group>"; };
		ACBB56982AD964C50040660E /* UIColor+Ext.swift */ = {isa = PBXFileReference; lastKnownFileType = sourcecode.swift; path = "UIColor+Ext.swift"; sourceTree = "<group>"; };
		ACC8FB2E2ACC5F00008E34F0 /* Netflix App.app */ = {isa = PBXFileReference; explicitFileType = wrapper.application; includeInIndex = 0; path = "Netflix App.app"; sourceTree = BUILT_PRODUCTS_DIR; };
		ACC8FB312ACC5F00008E34F0 /* AppDelegate.swift */ = {isa = PBXFileReference; lastKnownFileType = sourcecode.swift; path = AppDelegate.swift; sourceTree = "<group>"; };
		ACC8FB332ACC5F00008E34F0 /* SceneDelegate.swift */ = {isa = PBXFileReference; lastKnownFileType = sourcecode.swift; path = SceneDelegate.swift; sourceTree = "<group>"; };
		ACC8FB382ACC5F00008E34F0 /* Base */ = {isa = PBXFileReference; lastKnownFileType = file.storyboard; name = Base; path = Base.lproj/Main.storyboard; sourceTree = "<group>"; };
		ACC8FB3A2ACC5F00008E34F0 /* Assets.xcassets */ = {isa = PBXFileReference; lastKnownFileType = folder.assetcatalog; path = Assets.xcassets; sourceTree = "<group>"; };
		ACC8FB3D2ACC5F00008E34F0 /* Base */ = {isa = PBXFileReference; lastKnownFileType = file.storyboard; name = Base; path = Base.lproj/LaunchScreen.storyboard; sourceTree = "<group>"; };
		ACC8FB3F2ACC5F00008E34F0 /* Info.plist */ = {isa = PBXFileReference; lastKnownFileType = text.plist.xml; path = Info.plist; sourceTree = "<group>"; };
		ACC8FB442ACC5F01008E34F0 /* Netflix AppTests.xctest */ = {isa = PBXFileReference; explicitFileType = wrapper.cfbundle; includeInIndex = 0; path = "Netflix AppTests.xctest"; sourceTree = BUILT_PRODUCTS_DIR; };
		ACC8FB482ACC5F01008E34F0 /* Netflix_AppTests.swift */ = {isa = PBXFileReference; lastKnownFileType = sourcecode.swift; path = Netflix_AppTests.swift; sourceTree = "<group>"; };
		ACC8FB4E2ACC5F01008E34F0 /* Netflix AppUITests.xctest */ = {isa = PBXFileReference; explicitFileType = wrapper.cfbundle; includeInIndex = 0; path = "Netflix AppUITests.xctest"; sourceTree = BUILT_PRODUCTS_DIR; };
		ACC8FB522ACC5F01008E34F0 /* Netflix_AppUITests.swift */ = {isa = PBXFileReference; lastKnownFileType = sourcecode.swift; path = Netflix_AppUITests.swift; sourceTree = "<group>"; };
		ACC8FB542ACC5F01008E34F0 /* Netflix_AppUITestsLaunchTests.swift */ = {isa = PBXFileReference; lastKnownFileType = sourcecode.swift; path = Netflix_AppUITestsLaunchTests.swift; sourceTree = "<group>"; };
		ACC8FB622ACC6B7D008E34F0 /* MainPresenter.swift */ = {isa = PBXFileReference; lastKnownFileType = sourcecode.swift; path = MainPresenter.swift; sourceTree = "<group>"; };
		ACC8FB642ACC6C16008E34F0 /* MainViewController.swift */ = {isa = PBXFileReference; lastKnownFileType = sourcecode.swift; path = MainViewController.swift; sourceTree = "<group>"; };
		ACC8FB672ACDA4C7008E34F0 /* MainAssembly.swift */ = {isa = PBXFileReference; lastKnownFileType = sourcecode.swift; path = MainAssembly.swift; sourceTree = "<group>"; };
		ACC8FB6B2ACDA606008E34F0 /* SettingsAssembly.swift */ = {isa = PBXFileReference; lastKnownFileType = sourcecode.swift; path = SettingsAssembly.swift; sourceTree = "<group>"; };
		ACC8FB6D2ACDA66B008E34F0 /* SettingsViewController.swift */ = {isa = PBXFileReference; lastKnownFileType = sourcecode.swift; path = SettingsViewController.swift; sourceTree = "<group>"; };
		ACC8FB6F2ACDA693008E34F0 /* SettingsPresenter.swift */ = {isa = PBXFileReference; lastKnownFileType = sourcecode.swift; path = SettingsPresenter.swift; sourceTree = "<group>"; };
		ACC8FB712ACEECE9008E34F0 /* LikesAssembly.swift */ = {isa = PBXFileReference; lastKnownFileType = sourcecode.swift; path = LikesAssembly.swift; sourceTree = "<group>"; };
		ACC8FB732ACEED09008E34F0 /* LikesViewController.swift */ = {isa = PBXFileReference; lastKnownFileType = sourcecode.swift; path = LikesViewController.swift; sourceTree = "<group>"; };
		ACC8FB752ACEED23008E34F0 /* LikesPresenter.swift */ = {isa = PBXFileReference; lastKnownFileType = sourcecode.swift; path = LikesPresenter.swift; sourceTree = "<group>"; };
		ACCE91962ADF284900ED44B5 /* UIViewController+Ext.swift */ = {isa = PBXFileReference; lastKnownFileType = sourcecode.swift; path = "UIViewController+Ext.swift"; sourceTree = "<group>"; };
		ACCE919C2AE1BE2D00ED44B5 /* Avenir Next.ttc */ = {isa = PBXFileReference; lastKnownFileType = file; path = "Avenir Next.ttc"; sourceTree = "<group>"; };
		ACCE919E2AE1C15C00ED44B5 /* Font.swift */ = {isa = PBXFileReference; lastKnownFileType = sourcecode.swift; path = Font.swift; sourceTree = "<group>"; };
		DD58969C408D730580559EBC /* Pods_Netflix_App_Netflix_AppUITests.framework */ = {isa = PBXFileReference; explicitFileType = wrapper.framework; includeInIndex = 0; path = Pods_Netflix_App_Netflix_AppUITests.framework; sourceTree = BUILT_PRODUCTS_DIR; };
/* End PBXFileReference section */

/* Begin PBXFrameworksBuildPhase section */
		ACC8FB2B2ACC5F00008E34F0 /* Frameworks */ = {
			isa = PBXFrameworksBuildPhase;
			buildActionMask = 2147483647;
			files = (
				9A1A9E708EA59125B722E19F /* Pods_Netflix_App.framework in Frameworks */,
			);
			runOnlyForDeploymentPostprocessing = 0;
		};
		ACC8FB412ACC5F01008E34F0 /* Frameworks */ = {
			isa = PBXFrameworksBuildPhase;
			buildActionMask = 2147483647;
			files = (
				4C017E1472EAB2C1D27E4CD1 /* Pods_Netflix_AppTests.framework in Frameworks */,
			);
			runOnlyForDeploymentPostprocessing = 0;
		};
		ACC8FB4B2ACC5F01008E34F0 /* Frameworks */ = {
			isa = PBXFrameworksBuildPhase;
			buildActionMask = 2147483647;
			files = (
				25A7303FA106B9D81193BCD8 /* Pods_Netflix_App_Netflix_AppUITests.framework in Frameworks */,
			);
			runOnlyForDeploymentPostprocessing = 0;
		};
/* End PBXFrameworksBuildPhase section */

/* Begin PBXGroup section */
		22BEF9A4EEE5681BB60B3398 /* Pods */ = {
			isa = PBXGroup;
			children = (
				7856802391C332E4FAA659AA /* Pods-Netflix App.debug.xcconfig */,
				695EAF4827B9FFDB9964A0FC /* Pods-Netflix App.release.xcconfig */,
				42D57DB5AD0A4E1EFA362B99 /* Pods-Netflix App-Netflix AppUITests.debug.xcconfig */,
				5BBA311CDCD8BE14AF8A1DF3 /* Pods-Netflix App-Netflix AppUITests.release.xcconfig */,
				3C2EC67CBC1AA2541DC15876 /* Pods-Netflix AppTests.debug.xcconfig */,
				ABF4BABEFDBDDD3467AB2B12 /* Pods-Netflix AppTests.release.xcconfig */,
			);
			path = Pods;
			sourceTree = "<group>";
		};
		787E3FD5BCEF3FD1C41C3878 /* Frameworks */ = {
			isa = PBXGroup;
			children = (
				195D4919C23F8A76C4B20236 /* Pods_Netflix_App.framework */,
				DD58969C408D730580559EBC /* Pods_Netflix_App_Netflix_AppUITests.framework */,
				7D9E36B77ABAF32793610ECB /* Pods_Netflix_AppTests.framework */,
			);
			name = Frameworks;
			sourceTree = "<group>";
		};
		ACBB56972AD964010040660E /* Extensions */ = {
			isa = PBXGroup;
			children = (
				ACBB56982AD964C50040660E /* UIColor+Ext.swift */,
				ACCE91962ADF284900ED44B5 /* UIViewController+Ext.swift */,
			);
			path = Extensions;
			sourceTree = "<group>";
		};
		ACC8FB252ACC5F00008E34F0 = {
			isa = PBXGroup;
			children = (
				ACC8FB302ACC5F00008E34F0 /* Netflix App */,
				ACC8FB472ACC5F01008E34F0 /* Netflix AppTests */,
				ACC8FB512ACC5F01008E34F0 /* Netflix AppUITests */,
				ACC8FB2F2ACC5F00008E34F0 /* Products */,
				22BEF9A4EEE5681BB60B3398 /* Pods */,
				787E3FD5BCEF3FD1C41C3878 /* Frameworks */,
			);
			sourceTree = "<group>";
		};
		ACC8FB2F2ACC5F00008E34F0 /* Products */ = {
			isa = PBXGroup;
			children = (
				ACC8FB2E2ACC5F00008E34F0 /* Netflix App.app */,
				ACC8FB442ACC5F01008E34F0 /* Netflix AppTests.xctest */,
				ACC8FB4E2ACC5F01008E34F0 /* Netflix AppUITests.xctest */,
			);
			name = Products;
			sourceTree = "<group>";
		};
		ACC8FB302ACC5F00008E34F0 /* Netflix App */ = {
			isa = PBXGroup;
			children = (
				ACCE919A2AE1BDBE00ED44B5 /* Resources */,
				ACC8FB6A2ACDA5E4008E34F0 /* Likes */,
				ACC8FB692ACDA5CE008E34F0 /* Settings */,
				ACC8FB612ACC6B16008E34F0 /* Main */,
				ACC8FB312ACC5F00008E34F0 /* AppDelegate.swift */,
				ACC8FB332ACC5F00008E34F0 /* SceneDelegate.swift */,
				ACBB56972AD964010040660E /* Extensions */,
				ACC8FB372ACC5F00008E34F0 /* Main.storyboard */,
				ACC8FB3A2ACC5F00008E34F0 /* Assets.xcassets */,
				ACC8FB3C2ACC5F00008E34F0 /* LaunchScreen.storyboard */,
				ACC8FB3F2ACC5F00008E34F0 /* Info.plist */,
			);
			path = "Netflix App";
			sourceTree = "<group>";
		};
		ACC8FB472ACC5F01008E34F0 /* Netflix AppTests */ = {
			isa = PBXGroup;
			children = (
				ACC8FB482ACC5F01008E34F0 /* Netflix_AppTests.swift */,
			);
			path = "Netflix AppTests";
			sourceTree = "<group>";
		};
		ACC8FB512ACC5F01008E34F0 /* Netflix AppUITests */ = {
			isa = PBXGroup;
			children = (
				ACC8FB522ACC5F01008E34F0 /* Netflix_AppUITests.swift */,
				ACC8FB542ACC5F01008E34F0 /* Netflix_AppUITestsLaunchTests.swift */,
			);
			path = "Netflix AppUITests";
			sourceTree = "<group>";
		};
		ACC8FB612ACC6B16008E34F0 /* Main */ = {
			isa = PBXGroup;
			children = (
				ACC8FB662ACDA466008E34F0 /* Assembly */,
				ACC8FB642ACC6C16008E34F0 /* MainViewController.swift */,
				ACC8FB622ACC6B7D008E34F0 /* MainPresenter.swift */,
				AC4FE4C52AD71B7800010085 /* MainModels.swift */,
				AC4FE4C72AD73BC500010085 /* NetflixCell.swift */,
			);
			path = Main;
			sourceTree = "<group>";
		};
		ACC8FB662ACDA466008E34F0 /* Assembly */ = {
			isa = PBXGroup;
			children = (
				ACC8FB672ACDA4C7008E34F0 /* MainAssembly.swift */,
			);
			path = Assembly;
			sourceTree = "<group>";
		};
		ACC8FB692ACDA5CE008E34F0 /* Settings */ = {
			isa = PBXGroup;
			children = (
				ACC8FB6B2ACDA606008E34F0 /* SettingsAssembly.swift */,
				ACC8FB6D2ACDA66B008E34F0 /* SettingsViewController.swift */,
				ACC8FB6F2ACDA693008E34F0 /* SettingsPresenter.swift */,
			);
			path = Settings;
			sourceTree = "<group>";
		};
		ACC8FB6A2ACDA5E4008E34F0 /* Likes */ = {
			isa = PBXGroup;
			children = (
				ACC8FB712ACEECE9008E34F0 /* LikesAssembly.swift */,
				ACC8FB732ACEED09008E34F0 /* LikesViewController.swift */,
				ACC8FB752ACEED23008E34F0 /* LikesPresenter.swift */,
			);
			path = Likes;
			sourceTree = "<group>";
		};
		ACCE919A2AE1BDBE00ED44B5 /* Resources */ = {
			isa = PBXGroup;
			children = (
				ACCE919B2AE1BDF300ED44B5 /* Fonts */,
			);
			path = Resources;
			sourceTree = "<group>";
		};
		ACCE919B2AE1BDF300ED44B5 /* Fonts */ = {
			isa = PBXGroup;
			children = (
				ACCE919C2AE1BE2D00ED44B5 /* Avenir Next.ttc */,
				ACCE919E2AE1C15C00ED44B5 /* Font.swift */,
			);
			path = Fonts;
			sourceTree = "<group>";
		};
/* End PBXGroup section */

/* Begin PBXNativeTarget section */
		ACC8FB2D2ACC5F00008E34F0 /* Netflix App */ = {
			isa = PBXNativeTarget;
			buildConfigurationList = ACC8FB582ACC5F01008E34F0 /* Build configuration list for PBXNativeTarget "Netflix App" */;
			buildPhases = (
				40B1BB6F05258AF38FE599E1 /* [CP] Check Pods Manifest.lock */,
				ACC8FB2A2ACC5F00008E34F0 /* Sources */,
				ACC8FB2B2ACC5F00008E34F0 /* Frameworks */,
				ACC8FB2C2ACC5F00008E34F0 /* Resources */,
				B96F89702B9BDD0C327EEF82 /* [CP] Embed Pods Frameworks */,
			);
			buildRules = (
			);
			dependencies = (
			);
			name = "Netflix App";
			productName = "Netflix App";
			productReference = ACC8FB2E2ACC5F00008E34F0 /* Netflix App.app */;
			productType = "com.apple.product-type.application";
		};
		ACC8FB432ACC5F01008E34F0 /* Netflix AppTests */ = {
			isa = PBXNativeTarget;
			buildConfigurationList = ACC8FB5B2ACC5F01008E34F0 /* Build configuration list for PBXNativeTarget "Netflix AppTests" */;
			buildPhases = (
				4EDC07780E1FCBBBC2288919 /* [CP] Check Pods Manifest.lock */,
				ACC8FB402ACC5F01008E34F0 /* Sources */,
				ACC8FB412ACC5F01008E34F0 /* Frameworks */,
				ACC8FB422ACC5F01008E34F0 /* Resources */,
			);
			buildRules = (
			);
			dependencies = (
				ACC8FB462ACC5F01008E34F0 /* PBXTargetDependency */,
			);
			name = "Netflix AppTests";
			productName = "Netflix AppTests";
			productReference = ACC8FB442ACC5F01008E34F0 /* Netflix AppTests.xctest */;
			productType = "com.apple.product-type.bundle.unit-test";
		};
		ACC8FB4D2ACC5F01008E34F0 /* Netflix AppUITests */ = {
			isa = PBXNativeTarget;
			buildConfigurationList = ACC8FB5E2ACC5F01008E34F0 /* Build configuration list for PBXNativeTarget "Netflix AppUITests" */;
			buildPhases = (
				2802979AAC4D1229D874BA76 /* [CP] Check Pods Manifest.lock */,
				ACC8FB4A2ACC5F01008E34F0 /* Sources */,
				ACC8FB4B2ACC5F01008E34F0 /* Frameworks */,
				ACC8FB4C2ACC5F01008E34F0 /* Resources */,
				8F2831965F34CF11E06336B7 /* [CP] Embed Pods Frameworks */,
			);
			buildRules = (
			);
			dependencies = (
				ACC8FB502ACC5F01008E34F0 /* PBXTargetDependency */,
			);
			name = "Netflix AppUITests";
			productName = "Netflix AppUITests";
			productReference = ACC8FB4E2ACC5F01008E34F0 /* Netflix AppUITests.xctest */;
			productType = "com.apple.product-type.bundle.ui-testing";
		};
/* End PBXNativeTarget section */

/* Begin PBXProject section */
		ACC8FB262ACC5F00008E34F0 /* Project object */ = {
			isa = PBXProject;
			attributes = {
				BuildIndependentTargetsInParallel = 1;
				LastSwiftUpdateCheck = 1410;
				LastUpgradeCheck = 1410;
				TargetAttributes = {
					ACC8FB2D2ACC5F00008E34F0 = {
						CreatedOnToolsVersion = 14.1;
					};
					ACC8FB432ACC5F01008E34F0 = {
						CreatedOnToolsVersion = 14.1;
						TestTargetID = ACC8FB2D2ACC5F00008E34F0;
					};
					ACC8FB4D2ACC5F01008E34F0 = {
						CreatedOnToolsVersion = 14.1;
						TestTargetID = ACC8FB2D2ACC5F00008E34F0;
					};
				};
			};
			buildConfigurationList = ACC8FB292ACC5F00008E34F0 /* Build configuration list for PBXProject "Netflix App" */;
			compatibilityVersion = "Xcode 14.0";
			developmentRegion = en;
			hasScannedForEncodings = 0;
			knownRegions = (
				en,
				Base,
			);
			mainGroup = ACC8FB252ACC5F00008E34F0;
			productRefGroup = ACC8FB2F2ACC5F00008E34F0 /* Products */;
			projectDirPath = "";
			projectRoot = "";
			targets = (
				ACC8FB2D2ACC5F00008E34F0 /* Netflix App */,
				ACC8FB432ACC5F01008E34F0 /* Netflix AppTests */,
				ACC8FB4D2ACC5F01008E34F0 /* Netflix AppUITests */,
			);
		};
/* End PBXProject section */

/* Begin PBXResourcesBuildPhase section */
		ACC8FB2C2ACC5F00008E34F0 /* Resources */ = {
			isa = PBXResourcesBuildPhase;
			buildActionMask = 2147483647;
			files = (
				ACCE919D2AE1BE2D00ED44B5 /* Avenir Next.ttc in Resources */,
				ACC8FB3E2ACC5F00008E34F0 /* LaunchScreen.storyboard in Resources */,
				ACC8FB3B2ACC5F00008E34F0 /* Assets.xcassets in Resources */,
				ACC8FB392ACC5F00008E34F0 /* Main.storyboard in Resources */,
			);
			runOnlyForDeploymentPostprocessing = 0;
		};
		ACC8FB422ACC5F01008E34F0 /* Resources */ = {
			isa = PBXResourcesBuildPhase;
			buildActionMask = 2147483647;
			files = (
			);
			runOnlyForDeploymentPostprocessing = 0;
		};
		ACC8FB4C2ACC5F01008E34F0 /* Resources */ = {
			isa = PBXResourcesBuildPhase;
			buildActionMask = 2147483647;
			files = (
			);
			runOnlyForDeploymentPostprocessing = 0;
		};
/* End PBXResourcesBuildPhase section */

/* Begin PBXShellScriptBuildPhase section */
		2802979AAC4D1229D874BA76 /* [CP] Check Pods Manifest.lock */ = {
			isa = PBXShellScriptBuildPhase;
			buildActionMask = 2147483647;
			files = (
			);
			inputFileListPaths = (
			);
			inputPaths = (
				"${PODS_PODFILE_DIR_PATH}/Podfile.lock",
				"${PODS_ROOT}/Manifest.lock",
			);
			name = "[CP] Check Pods Manifest.lock";
			outputFileListPaths = (
			);
			outputPaths = (
				"$(DERIVED_FILE_DIR)/Pods-Netflix App-Netflix AppUITests-checkManifestLockResult.txt",
			);
			runOnlyForDeploymentPostprocessing = 0;
			shellPath = /bin/sh;
			shellScript = "diff \"${PODS_PODFILE_DIR_PATH}/Podfile.lock\" \"${PODS_ROOT}/Manifest.lock\" > /dev/null\nif [ $? != 0 ] ; then\n    # print error to STDERR\n    echo \"error: The sandbox is not in sync with the Podfile.lock. Run 'pod install' or update your CocoaPods installation.\" >&2\n    exit 1\nfi\n# This output is used by Xcode 'outputs' to avoid re-running this script phase.\necho \"SUCCESS\" > \"${SCRIPT_OUTPUT_FILE_0}\"\n";
			showEnvVarsInLog = 0;
		};
		40B1BB6F05258AF38FE599E1 /* [CP] Check Pods Manifest.lock */ = {
			isa = PBXShellScriptBuildPhase;
			buildActionMask = 2147483647;
			files = (
			);
			inputFileListPaths = (
			);
			inputPaths = (
				"${PODS_PODFILE_DIR_PATH}/Podfile.lock",
				"${PODS_ROOT}/Manifest.lock",
			);
			name = "[CP] Check Pods Manifest.lock";
			outputFileListPaths = (
			);
			outputPaths = (
				"$(DERIVED_FILE_DIR)/Pods-Netflix App-checkManifestLockResult.txt",
			);
			runOnlyForDeploymentPostprocessing = 0;
			shellPath = /bin/sh;
			shellScript = "diff \"${PODS_PODFILE_DIR_PATH}/Podfile.lock\" \"${PODS_ROOT}/Manifest.lock\" > /dev/null\nif [ $? != 0 ] ; then\n    # print error to STDERR\n    echo \"error: The sandbox is not in sync with the Podfile.lock. Run 'pod install' or update your CocoaPods installation.\" >&2\n    exit 1\nfi\n# This output is used by Xcode 'outputs' to avoid re-running this script phase.\necho \"SUCCESS\" > \"${SCRIPT_OUTPUT_FILE_0}\"\n";
			showEnvVarsInLog = 0;
		};
		4EDC07780E1FCBBBC2288919 /* [CP] Check Pods Manifest.lock */ = {
			isa = PBXShellScriptBuildPhase;
			buildActionMask = 2147483647;
			files = (
			);
			inputFileListPaths = (
			);
			inputPaths = (
				"${PODS_PODFILE_DIR_PATH}/Podfile.lock",
				"${PODS_ROOT}/Manifest.lock",
			);
			name = "[CP] Check Pods Manifest.lock";
			outputFileListPaths = (
			);
			outputPaths = (
				"$(DERIVED_FILE_DIR)/Pods-Netflix AppTests-checkManifestLockResult.txt",
			);
			runOnlyForDeploymentPostprocessing = 0;
			shellPath = /bin/sh;
			shellScript = "diff \"${PODS_PODFILE_DIR_PATH}/Podfile.lock\" \"${PODS_ROOT}/Manifest.lock\" > /dev/null\nif [ $? != 0 ] ; then\n    # print error to STDERR\n    echo \"error: The sandbox is not in sync with the Podfile.lock. Run 'pod install' or update your CocoaPods installation.\" >&2\n    exit 1\nfi\n# This output is used by Xcode 'outputs' to avoid re-running this script phase.\necho \"SUCCESS\" > \"${SCRIPT_OUTPUT_FILE_0}\"\n";
			showEnvVarsInLog = 0;
		};
		8F2831965F34CF11E06336B7 /* [CP] Embed Pods Frameworks */ = {
			isa = PBXShellScriptBuildPhase;
			buildActionMask = 2147483647;
			files = (
			);
			inputFileListPaths = (
				"${PODS_ROOT}/Target Support Files/Pods-Netflix App-Netflix AppUITests/Pods-Netflix App-Netflix AppUITests-frameworks-${CONFIGURATION}-input-files.xcfilelist",
			);
			name = "[CP] Embed Pods Frameworks";
			outputFileListPaths = (
				"${PODS_ROOT}/Target Support Files/Pods-Netflix App-Netflix AppUITests/Pods-Netflix App-Netflix AppUITests-frameworks-${CONFIGURATION}-output-files.xcfilelist",
			);
			runOnlyForDeploymentPostprocessing = 0;
			shellPath = /bin/sh;
			shellScript = "\"${PODS_ROOT}/Target Support Files/Pods-Netflix App-Netflix AppUITests/Pods-Netflix App-Netflix AppUITests-frameworks.sh\"\n";
			showEnvVarsInLog = 0;
		};
		B96F89702B9BDD0C327EEF82 /* [CP] Embed Pods Frameworks */ = {
			isa = PBXShellScriptBuildPhase;
			buildActionMask = 2147483647;
			files = (
			);
			inputFileListPaths = (
				"${PODS_ROOT}/Target Support Files/Pods-Netflix App/Pods-Netflix App-frameworks-${CONFIGURATION}-input-files.xcfilelist",
			);
			name = "[CP] Embed Pods Frameworks";
			outputFileListPaths = (
				"${PODS_ROOT}/Target Support Files/Pods-Netflix App/Pods-Netflix App-frameworks-${CONFIGURATION}-output-files.xcfilelist",
			);
			runOnlyForDeploymentPostprocessing = 0;
			shellPath = /bin/sh;
			shellScript = "\"${PODS_ROOT}/Target Support Files/Pods-Netflix App/Pods-Netflix App-frameworks.sh\"\n";
			showEnvVarsInLog = 0;
		};
/* End PBXShellScriptBuildPhase section */

/* Begin PBXSourcesBuildPhase section */
		ACC8FB2A2ACC5F00008E34F0 /* Sources */ = {
			isa = PBXSourcesBuildPhase;
			buildActionMask = 2147483647;
			files = (
				ACC8FB322ACC5F00008E34F0 /* AppDelegate.swift in Sources */,
				ACC8FB742ACEED09008E34F0 /* LikesViewController.swift in Sources */,
				ACCE91972ADF284900ED44B5 /* UIViewController+Ext.swift in Sources */,
				AC4FE4C82AD73BC500010085 /* NetflixCell.swift in Sources */,
				ACC8FB682ACDA4C7008E34F0 /* MainAssembly.swift in Sources */,
				ACC8FB6E2ACDA66B008E34F0 /* SettingsViewController.swift in Sources */,
				ACC8FB702ACDA693008E34F0 /* SettingsPresenter.swift in Sources */,
				ACC8FB632ACC6B7D008E34F0 /* MainPresenter.swift in Sources */,
				ACC8FB722ACEECE9008E34F0 /* LikesAssembly.swift in Sources */,
				ACC8FB342ACC5F00008E34F0 /* SceneDelegate.swift in Sources */,
				ACBB56992AD964C50040660E /* UIColor+Ext.swift in Sources */,
				AC4FE4C62AD71B7800010085 /* MainModels.swift in Sources */,
				ACCE919F2AE1C15C00ED44B5 /* Font.swift in Sources */,
				ACC8FB762ACEED23008E34F0 /* LikesPresenter.swift in Sources */,
				ACC8FB6C2ACDA606008E34F0 /* SettingsAssembly.swift in Sources */,
				ACC8FB652ACC6C16008E34F0 /* MainViewController.swift in Sources */,
			);
			runOnlyForDeploymentPostprocessing = 0;
		};
		ACC8FB402ACC5F01008E34F0 /* Sources */ = {
			isa = PBXSourcesBuildPhase;
			buildActionMask = 2147483647;
			files = (
				ACC8FB492ACC5F01008E34F0 /* Netflix_AppTests.swift in Sources */,
			);
			runOnlyForDeploymentPostprocessing = 0;
		};
		ACC8FB4A2ACC5F01008E34F0 /* Sources */ = {
			isa = PBXSourcesBuildPhase;
			buildActionMask = 2147483647;
			files = (
				ACC8FB532ACC5F01008E34F0 /* Netflix_AppUITests.swift in Sources */,
				ACC8FB552ACC5F01008E34F0 /* Netflix_AppUITestsLaunchTests.swift in Sources */,
			);
			runOnlyForDeploymentPostprocessing = 0;
		};
/* End PBXSourcesBuildPhase section */

/* Begin PBXTargetDependency section */
		ACC8FB462ACC5F01008E34F0 /* PBXTargetDependency */ = {
			isa = PBXTargetDependency;
			target = ACC8FB2D2ACC5F00008E34F0 /* Netflix App */;
			targetProxy = ACC8FB452ACC5F01008E34F0 /* PBXContainerItemProxy */;
		};
		ACC8FB502ACC5F01008E34F0 /* PBXTargetDependency */ = {
			isa = PBXTargetDependency;
			target = ACC8FB2D2ACC5F00008E34F0 /* Netflix App */;
			targetProxy = ACC8FB4F2ACC5F01008E34F0 /* PBXContainerItemProxy */;
		};
/* End PBXTargetDependency section */

/* Begin PBXVariantGroup section */
		ACC8FB372ACC5F00008E34F0 /* Main.storyboard */ = {
			isa = PBXVariantGroup;
			children = (
				ACC8FB382ACC5F00008E34F0 /* Base */,
			);
			name = Main.storyboard;
			sourceTree = "<group>";
		};
		ACC8FB3C2ACC5F00008E34F0 /* LaunchScreen.storyboard */ = {
			isa = PBXVariantGroup;
			children = (
				ACC8FB3D2ACC5F00008E34F0 /* Base */,
			);
			name = LaunchScreen.storyboard;
			sourceTree = "<group>";
		};
/* End PBXVariantGroup section */

/* Begin XCBuildConfiguration section */
		ACC8FB562ACC5F01008E34F0 /* Debug */ = {
			isa = XCBuildConfiguration;
			buildSettings = {
				ALWAYS_SEARCH_USER_PATHS = NO;
				CLANG_ANALYZER_NONNULL = YES;
				CLANG_ANALYZER_NUMBER_OBJECT_CONVERSION = YES_AGGRESSIVE;
				CLANG_CXX_LANGUAGE_STANDARD = "gnu++20";
				CLANG_ENABLE_MODULES = YES;
				CLANG_ENABLE_OBJC_ARC = YES;
				CLANG_ENABLE_OBJC_WEAK = YES;
				CLANG_WARN_BLOCK_CAPTURE_AUTORELEASING = YES;
				CLANG_WARN_BOOL_CONVERSION = YES;
				CLANG_WARN_COMMA = YES;
				CLANG_WARN_CONSTANT_CONVERSION = YES;
				CLANG_WARN_DEPRECATED_OBJC_IMPLEMENTATIONS = YES;
				CLANG_WARN_DIRECT_OBJC_ISA_USAGE = YES_ERROR;
				CLANG_WARN_DOCUMENTATION_COMMENTS = YES;
				CLANG_WARN_EMPTY_BODY = YES;
				CLANG_WARN_ENUM_CONVERSION = YES;
				CLANG_WARN_INFINITE_RECURSION = YES;
				CLANG_WARN_INT_CONVERSION = YES;
				CLANG_WARN_NON_LITERAL_NULL_CONVERSION = YES;
				CLANG_WARN_OBJC_IMPLICIT_RETAIN_SELF = YES;
				CLANG_WARN_OBJC_LITERAL_CONVERSION = YES;
				CLANG_WARN_OBJC_ROOT_CLASS = YES_ERROR;
				CLANG_WARN_QUOTED_INCLUDE_IN_FRAMEWORK_HEADER = YES;
				CLANG_WARN_RANGE_LOOP_ANALYSIS = YES;
				CLANG_WARN_STRICT_PROTOTYPES = YES;
				CLANG_WARN_SUSPICIOUS_MOVE = YES;
				CLANG_WARN_UNGUARDED_AVAILABILITY = YES_AGGRESSIVE;
				CLANG_WARN_UNREACHABLE_CODE = YES;
				CLANG_WARN__DUPLICATE_METHOD_MATCH = YES;
				COPY_PHASE_STRIP = NO;
				DEBUG_INFORMATION_FORMAT = dwarf;
				ENABLE_STRICT_OBJC_MSGSEND = YES;
				ENABLE_TESTABILITY = YES;
				GCC_C_LANGUAGE_STANDARD = gnu11;
				GCC_DYNAMIC_NO_PIC = NO;
				GCC_NO_COMMON_BLOCKS = YES;
				GCC_OPTIMIZATION_LEVEL = 0;
				GCC_PREPROCESSOR_DEFINITIONS = (
					"DEBUG=1",
					"$(inherited)",
				);
				GCC_WARN_64_TO_32_BIT_CONVERSION = YES;
				GCC_WARN_ABOUT_RETURN_TYPE = YES_ERROR;
				GCC_WARN_UNDECLARED_SELECTOR = YES;
				GCC_WARN_UNINITIALIZED_AUTOS = YES_AGGRESSIVE;
				GCC_WARN_UNUSED_FUNCTION = YES;
				GCC_WARN_UNUSED_VARIABLE = YES;
				IPHONEOS_DEPLOYMENT_TARGET = 16.1;
				MTL_ENABLE_DEBUG_INFO = INCLUDE_SOURCE;
				MTL_FAST_MATH = YES;
				ONLY_ACTIVE_ARCH = YES;
				SDKROOT = iphoneos;
				SWIFT_ACTIVE_COMPILATION_CONDITIONS = DEBUG;
				SWIFT_OPTIMIZATION_LEVEL = "-Onone";
			};
			name = Debug;
		};
		ACC8FB572ACC5F01008E34F0 /* Release */ = {
			isa = XCBuildConfiguration;
			buildSettings = {
				ALWAYS_SEARCH_USER_PATHS = NO;
				CLANG_ANALYZER_NONNULL = YES;
				CLANG_ANALYZER_NUMBER_OBJECT_CONVERSION = YES_AGGRESSIVE;
				CLANG_CXX_LANGUAGE_STANDARD = "gnu++20";
				CLANG_ENABLE_MODULES = YES;
				CLANG_ENABLE_OBJC_ARC = YES;
				CLANG_ENABLE_OBJC_WEAK = YES;
				CLANG_WARN_BLOCK_CAPTURE_AUTORELEASING = YES;
				CLANG_WARN_BOOL_CONVERSION = YES;
				CLANG_WARN_COMMA = YES;
				CLANG_WARN_CONSTANT_CONVERSION = YES;
				CLANG_WARN_DEPRECATED_OBJC_IMPLEMENTATIONS = YES;
				CLANG_WARN_DIRECT_OBJC_ISA_USAGE = YES_ERROR;
				CLANG_WARN_DOCUMENTATION_COMMENTS = YES;
				CLANG_WARN_EMPTY_BODY = YES;
				CLANG_WARN_ENUM_CONVERSION = YES;
				CLANG_WARN_INFINITE_RECURSION = YES;
				CLANG_WARN_INT_CONVERSION = YES;
				CLANG_WARN_NON_LITERAL_NULL_CONVERSION = YES;
				CLANG_WARN_OBJC_IMPLICIT_RETAIN_SELF = YES;
				CLANG_WARN_OBJC_LITERAL_CONVERSION = YES;
				CLANG_WARN_OBJC_ROOT_CLASS = YES_ERROR;
				CLANG_WARN_QUOTED_INCLUDE_IN_FRAMEWORK_HEADER = YES;
				CLANG_WARN_RANGE_LOOP_ANALYSIS = YES;
				CLANG_WARN_STRICT_PROTOTYPES = YES;
				CLANG_WARN_SUSPICIOUS_MOVE = YES;
				CLANG_WARN_UNGUARDED_AVAILABILITY = YES_AGGRESSIVE;
				CLANG_WARN_UNREACHABLE_CODE = YES;
				CLANG_WARN__DUPLICATE_METHOD_MATCH = YES;
				COPY_PHASE_STRIP = NO;
				DEBUG_INFORMATION_FORMAT = "dwarf-with-dsym";
				ENABLE_NS_ASSERTIONS = NO;
				ENABLE_STRICT_OBJC_MSGSEND = YES;
				GCC_C_LANGUAGE_STANDARD = gnu11;
				GCC_NO_COMMON_BLOCKS = YES;
				GCC_WARN_64_TO_32_BIT_CONVERSION = YES;
				GCC_WARN_ABOUT_RETURN_TYPE = YES_ERROR;
				GCC_WARN_UNDECLARED_SELECTOR = YES;
				GCC_WARN_UNINITIALIZED_AUTOS = YES_AGGRESSIVE;
				GCC_WARN_UNUSED_FUNCTION = YES;
				GCC_WARN_UNUSED_VARIABLE = YES;
				IPHONEOS_DEPLOYMENT_TARGET = 16.1;
				MTL_ENABLE_DEBUG_INFO = NO;
				MTL_FAST_MATH = YES;
				SDKROOT = iphoneos;
				SWIFT_COMPILATION_MODE = wholemodule;
				SWIFT_OPTIMIZATION_LEVEL = "-O";
				VALIDATE_PRODUCT = YES;
			};
			name = Release;
		};
		ACC8FB592ACC5F01008E34F0 /* Debug */ = {
			isa = XCBuildConfiguration;
			baseConfigurationReference = 7856802391C332E4FAA659AA /* Pods-Netflix App.debug.xcconfig */;
			buildSettings = {
				ASSETCATALOG_COMPILER_APPICON_NAME = AppIcon;
				ASSETCATALOG_COMPILER_GLOBAL_ACCENT_COLOR_NAME = AccentColor;
				CODE_SIGN_STYLE = Automatic;
				CURRENT_PROJECT_VERSION = 1;
				GENERATE_INFOPLIST_FILE = YES;
				INFOPLIST_FILE = "Netflix App/Info.plist";
				INFOPLIST_KEY_UIApplicationSupportsIndirectInputEvents = YES;
				INFOPLIST_KEY_UILaunchStoryboardName = LaunchScreen;
				INFOPLIST_KEY_UISupportedInterfaceOrientations_iPad = "UIInterfaceOrientationPortrait UIInterfaceOrientationPortraitUpsideDown UIInterfaceOrientationLandscapeLeft UIInterfaceOrientationLandscapeRight";
				INFOPLIST_KEY_UISupportedInterfaceOrientations_iPhone = "UIInterfaceOrientationPortrait UIInterfaceOrientationLandscapeLeft UIInterfaceOrientationLandscapeRight";
				LD_RUNPATH_SEARCH_PATHS = (
					"$(inherited)",
					"@executable_path/Frameworks",
				);
				MARKETING_VERSION = 1.0;
				PRODUCT_BUNDLE_IDENTIFIER = "artem.makej-bk.ru.Netflix-App";
				PRODUCT_NAME = "$(TARGET_NAME)";
				SWIFT_EMIT_LOC_STRINGS = YES;
				SWIFT_VERSION = 5.0;
				TARGETED_DEVICE_FAMILY = "1,2";
			};
			name = Debug;
		};
		ACC8FB5A2ACC5F01008E34F0 /* Release */ = {
			isa = XCBuildConfiguration;
			baseConfigurationReference = 695EAF4827B9FFDB9964A0FC /* Pods-Netflix App.release.xcconfig */;
			buildSettings = {
				ASSETCATALOG_COMPILER_APPICON_NAME = AppIcon;
				ASSETCATALOG_COMPILER_GLOBAL_ACCENT_COLOR_NAME = AccentColor;
				CODE_SIGN_STYLE = Automatic;
				CURRENT_PROJECT_VERSION = 1;
				GENERATE_INFOPLIST_FILE = YES;
				INFOPLIST_FILE = "Netflix App/Info.plist";
				INFOPLIST_KEY_UIApplicationSupportsIndirectInputEvents = YES;
				INFOPLIST_KEY_UILaunchStoryboardName = LaunchScreen;
				INFOPLIST_KEY_UISupportedInterfaceOrientations_iPad = "UIInterfaceOrientationPortrait UIInterfaceOrientationPortraitUpsideDown UIInterfaceOrientationLandscapeLeft UIInterfaceOrientationLandscapeRight";
				INFOPLIST_KEY_UISupportedInterfaceOrientations_iPhone = "UIInterfaceOrientationPortrait UIInterfaceOrientationLandscapeLeft UIInterfaceOrientationLandscapeRight";
				LD_RUNPATH_SEARCH_PATHS = (
					"$(inherited)",
					"@executable_path/Frameworks",
				);
				MARKETING_VERSION = 1.0;
				PRODUCT_BUNDLE_IDENTIFIER = "artem.makej-bk.ru.Netflix-App";
				PRODUCT_NAME = "$(TARGET_NAME)";
				SWIFT_EMIT_LOC_STRINGS = YES;
				SWIFT_VERSION = 5.0;
				TARGETED_DEVICE_FAMILY = "1,2";
			};
			name = Release;
		};
		ACC8FB5C2ACC5F01008E34F0 /* Debug */ = {
			isa = XCBuildConfiguration;
			baseConfigurationReference = 3C2EC67CBC1AA2541DC15876 /* Pods-Netflix AppTests.debug.xcconfig */;
			buildSettings = {
				ALWAYS_EMBED_SWIFT_STANDARD_LIBRARIES = YES;
				BUNDLE_LOADER = "$(TEST_HOST)";
				CODE_SIGN_STYLE = Automatic;
				CURRENT_PROJECT_VERSION = 1;
				GENERATE_INFOPLIST_FILE = YES;
				IPHONEOS_DEPLOYMENT_TARGET = 16.1;
				MARKETING_VERSION = 1.0;
				PRODUCT_BUNDLE_IDENTIFIER = "artem.makej-bk.ru.Netflix-AppTests";
				PRODUCT_NAME = "$(TARGET_NAME)";
				SWIFT_EMIT_LOC_STRINGS = NO;
				SWIFT_VERSION = 5.0;
				TARGETED_DEVICE_FAMILY = "1,2";
				TEST_HOST = "$(BUILT_PRODUCTS_DIR)/Netflix App.app/$(BUNDLE_EXECUTABLE_FOLDER_PATH)/Netflix App";
			};
			name = Debug;
		};
		ACC8FB5D2ACC5F01008E34F0 /* Release */ = {
			isa = XCBuildConfiguration;
			baseConfigurationReference = ABF4BABEFDBDDD3467AB2B12 /* Pods-Netflix AppTests.release.xcconfig */;
			buildSettings = {
				ALWAYS_EMBED_SWIFT_STANDARD_LIBRARIES = YES;
				BUNDLE_LOADER = "$(TEST_HOST)";
				CODE_SIGN_STYLE = Automatic;
				CURRENT_PROJECT_VERSION = 1;
				GENERATE_INFOPLIST_FILE = YES;
				IPHONEOS_DEPLOYMENT_TARGET = 16.1;
				MARKETING_VERSION = 1.0;
				PRODUCT_BUNDLE_IDENTIFIER = "artem.makej-bk.ru.Netflix-AppTests";
				PRODUCT_NAME = "$(TARGET_NAME)";
				SWIFT_EMIT_LOC_STRINGS = NO;
				SWIFT_VERSION = 5.0;
				TARGETED_DEVICE_FAMILY = "1,2";
				TEST_HOST = "$(BUILT_PRODUCTS_DIR)/Netflix App.app/$(BUNDLE_EXECUTABLE_FOLDER_PATH)/Netflix App";
			};
			name = Release;
		};
		ACC8FB5F2ACC5F01008E34F0 /* Debug */ = {
			isa = XCBuildConfiguration;
			baseConfigurationReference = 42D57DB5AD0A4E1EFA362B99 /* Pods-Netflix App-Netflix AppUITests.debug.xcconfig */;
			buildSettings = {
				ALWAYS_EMBED_SWIFT_STANDARD_LIBRARIES = YES;
				CODE_SIGN_STYLE = Automatic;
				CURRENT_PROJECT_VERSION = 1;
				GENERATE_INFOPLIST_FILE = YES;
				MARKETING_VERSION = 1.0;
				PRODUCT_BUNDLE_IDENTIFIER = "artem.makej-bk.ru.Netflix-AppUITests";
				PRODUCT_NAME = "$(TARGET_NAME)";
				SWIFT_EMIT_LOC_STRINGS = NO;
				SWIFT_VERSION = 5.0;
				TARGETED_DEVICE_FAMILY = "1,2";
				TEST_TARGET_NAME = "Netflix App";
			};
			name = Debug;
		};
		ACC8FB602ACC5F01008E34F0 /* Release */ = {
			isa = XCBuildConfiguration;
			baseConfigurationReference = 5BBA311CDCD8BE14AF8A1DF3 /* Pods-Netflix App-Netflix AppUITests.release.xcconfig */;
			buildSettings = {
				ALWAYS_EMBED_SWIFT_STANDARD_LIBRARIES = YES;
				CODE_SIGN_STYLE = Automatic;
				CURRENT_PROJECT_VERSION = 1;
				GENERATE_INFOPLIST_FILE = YES;
				MARKETING_VERSION = 1.0;
				PRODUCT_BUNDLE_IDENTIFIER = "artem.makej-bk.ru.Netflix-AppUITests";
				PRODUCT_NAME = "$(TARGET_NAME)";
				SWIFT_EMIT_LOC_STRINGS = NO;
				SWIFT_VERSION = 5.0;
				TARGETED_DEVICE_FAMILY = "1,2";
				TEST_TARGET_NAME = "Netflix App";
			};
			name = Release;
		};
/* End XCBuildConfiguration section */

/* Begin XCConfigurationList section */
		ACC8FB292ACC5F00008E34F0 /* Build configuration list for PBXProject "Netflix App" */ = {
			isa = XCConfigurationList;
			buildConfigurations = (
				ACC8FB562ACC5F01008E34F0 /* Debug */,
				ACC8FB572ACC5F01008E34F0 /* Release */,
			);
			defaultConfigurationIsVisible = 0;
			defaultConfigurationName = Release;
		};
		ACC8FB582ACC5F01008E34F0 /* Build configuration list for PBXNativeTarget "Netflix App" */ = {
			isa = XCConfigurationList;
			buildConfigurations = (
				ACC8FB592ACC5F01008E34F0 /* Debug */,
				ACC8FB5A2ACC5F01008E34F0 /* Release */,
			);
			defaultConfigurationIsVisible = 0;
			defaultConfigurationName = Release;
		};
		ACC8FB5B2ACC5F01008E34F0 /* Build configuration list for PBXNativeTarget "Netflix AppTests" */ = {
			isa = XCConfigurationList;
			buildConfigurations = (
				ACC8FB5C2ACC5F01008E34F0 /* Debug */,
				ACC8FB5D2ACC5F01008E34F0 /* Release */,
			);
			defaultConfigurationIsVisible = 0;
			defaultConfigurationName = Release;
		};
		ACC8FB5E2ACC5F01008E34F0 /* Build configuration list for PBXNativeTarget "Netflix AppUITests" */ = {
			isa = XCConfigurationList;
			buildConfigurations = (
				ACC8FB5F2ACC5F01008E34F0 /* Debug */,
				ACC8FB602ACC5F01008E34F0 /* Release */,
			);
			defaultConfigurationIsVisible = 0;
			defaultConfigurationName = Release;
		};
/* End XCConfigurationList section */
	};
	rootObject = ACC8FB262ACC5F00008E34F0 /* Project object */;
}
